
Microsoft Visual Studio Solution File, Format Version 12.00
# Visual Studio Version 16
VisualStudioVersion = 16.0.30517.126
MinimumVisualStudioVersion = 10.0.40219.1
Project("{FAE04EC0-301F-11D3-BF4B-00C04F79EFBC}") = "TechChallenge.Lib", "TechChallenge\TechChallenge.Lib.csproj", "{01478B66-DE00-41A3-B5F4-57011C284BCC}"
EndProject
Project("{FAE04EC0-301F-11D3-BF4B-00C04F79EFBC}") = "TechChallenge.Tests", "TechChallenge.Tests\TechChallenge.Tests.csproj", "{63F036D6-AE50-466D-A010-20B8AA3229C9}"
EndProject
Project("{FAE04EC0-301F-11D3-BF4B-00C04F79EFBC}") = "TechChallenge.ConsoleApp", "TechChallenge.Console\TechChallenge.ConsoleApp.csproj", "{AB9C0056-A9A2-4F5B-A09A-6E8D11CFAEDF}"
EndProject
Global
	GlobalSection(SolutionConfigurationPlatforms) = preSolution
		Debug|Any CPU = Debug|Any CPU
		Release|Any CPU = Release|Any CPU
	EndGlobalSection
	GlobalSection(ProjectConfigurationPlatforms) = postSolution
		{01478B66-DE00-41A3-B5F4-57011C284BCC}.Debug|Any CPU.ActiveCfg = Debug|Any CPU
		{01478B66-DE00-41A3-B5F4-57011C284BCC}.Debug|Any CPU.Build.0 = Debug|Any CPU
		{01478B66-DE00-41A3-B5F4-57011C284BCC}.Release|Any CPU.ActiveCfg = Release|Any CPU
		{01478B66-DE00-41A3-B5F4-57011C284BCC}.Release|Any CPU.Build.0 = Release|Any CPU
		{63F036D6-AE50-466D-A010-20B8AA3229C9}.Debug|Any CPU.ActiveCfg = Debug|Any CPU
		{63F036D6-AE50-466D-A010-20B8AA3229C9}.Debug|Any CPU.Build.0 = Debug|Any CPU
		{63F036D6-AE50-466D-A010-20B8AA3229C9}.Release|Any CPU.ActiveCfg = Release|Any CPU
		{63F036D6-AE50-466D-A010-20B8AA3229C9}.Release|Any CPU.Build.0 = Release|Any CPU
		{AB9C0056-A9A2-4F5B-A09A-6E8D11CFAEDF}.Debug|Any CPU.ActiveCfg = Debug|Any CPU
		{AB9C0056-A9A2-4F5B-A09A-6E8D11CFAEDF}.Debug|Any CPU.Build.0 = Debug|Any CPU
		{AB9C0056-A9A2-4F5B-A09A-6E8D11CFAEDF}.Release|Any CPU.ActiveCfg = Release|Any CPU
		{AB9C0056-A9A2-4F5B-A09A-6E8D11CFAEDF}.Release|Any CPU.Build.0 = Release|Any CPU
	EndGlobalSection
	GlobalSection(SolutionProperties) = preSolution
		HideSolutionNode = FALSE
	EndGlobalSection
	GlobalSection(ExtensibilityGlobals) = postSolution
		SolutionGuid = {EAA6BB58-63A3-4449-983F-BA940EC4E8CD}
	EndGlobalSection
EndGlobal
